
Microsoft Visual Studio Solution File, Format Version 11.00
# Visual Studio 2010
Project("{F184B08F-C81C-45F6-A57F-5ABD9991F28F}") = "Pengumuman DILMIL", "Pengumuman DILMIL\Pengumuman DILMIL.vbproj", "{4C6AA8F3-941F-4651-A20D-752D0494A415}"
EndProject
Global
	GlobalSection(SolutionConfigurationPlatforms) = preSolution
		Debug|x86 = Debug|x86
		Release|x86 = Release|x86
	EndGlobalSection
	GlobalSection(ProjectConfigurationPlatforms) = postSolution
		{4C6AA8F3-941F-4651-A20D-752D0494A415}.Debug|x86.ActiveCfg = Debug|x86
		{4C6AA8F3-941F-4651-A20D-752D0494A415}.Debug|x86.Build.0 = Debug|x86
		{4C6AA8F3-941F-4651-A20D-752D0494A415}.Release|x86.ActiveCfg = Release|x86
		{4C6AA8F3-941F-4651-A20D-752D0494A415}.Release|x86.Build.0 = Release|x86
	EndGlobalSection
	GlobalSection(SolutionProperties) = preSolution
		HideSolutionNode = FALSE
	EndGlobalSection
EndGlobal
